
Microsoft Visual Studio Solution File, Format Version 12.00
# Visual Studio 15
VisualStudioVersion = 15.0.27130.2027
MinimumVisualStudioVersion = 10.0.40219.1
Project("{FAE04EC0-301F-11D3-BF4B-00C04F79EFBC}") = "Mathletics", "Mathletics\Mathletics.csproj", "{795041FC-EF37-4624-B53E-76352FD412C3}"
EndProject
Global
	GlobalSection(SolutionConfigurationPlatforms) = preSolution
		Debug|Any CPU = Debug|Any CPU
		Release|Any CPU = Release|Any CPU
	EndGlobalSection
	GlobalSection(ProjectConfigurationPlatforms) = postSolution
		{795041FC-EF37-4624-B53E-76352FD412C3}.Debug|Any CPU.ActiveCfg = Debug|Any CPU
		{795041FC-EF37-4624-B53E-76352FD412C3}.Debug|Any CPU.Build.0 = Debug|Any CPU
		{795041FC-EF37-4624-B53E-76352FD412C3}.Release|Any CPU.ActiveCfg = Release|Any CPU
		{795041FC-EF37-4624-B53E-76352FD412C3}.Release|Any CPU.Build.0 = Release|Any CPU
	EndGlobalSection
	GlobalSection(SolutionProperties) = preSolution
		HideSolutionNode = FALSE
	EndGlobalSection
	GlobalSection(ExtensibilityGlobals) = postSolution
		SolutionGuid = {08654C44-12ED-4006-9301-07F14ACE7886}
	EndGlobalSection
EndGlobal
